
Microsoft Visual Studio Solution File, Format Version 12.00
# Visual Studio Version 17
VisualStudioVersion = 17.1.32414.318
MinimumVisualStudioVersion = 10.0.40219.1
Project("{FAE04EC0-301F-11D3-BF4B-00C04F79EFBC}") = "Task-7", "Task-7.csproj", "{721B599F-979E-4FF4-BBB8-B5430C7FB738}"
EndProject
Global
	GlobalSection(SolutionConfigurationPlatforms) = preSolution
		Debug|Any CPU = Debug|Any CPU
		Release|Any CPU = Release|Any CPU
	EndGlobalSection
	GlobalSection(ProjectConfigurationPlatforms) = postSolution
		{721B599F-979E-4FF4-BBB8-B5430C7FB738}.Debug|Any CPU.ActiveCfg = Debug|Any CPU
		{721B599F-979E-4FF4-BBB8-B5430C7FB738}.Debug|Any CPU.Build.0 = Debug|Any CPU
		{721B599F-979E-4FF4-BBB8-B5430C7FB738}.Release|Any CPU.ActiveCfg = Release|Any CPU
		{721B599F-979E-4FF4-BBB8-B5430C7FB738}.Release|Any CPU.Build.0 = Release|Any CPU
	EndGlobalSection
	GlobalSection(SolutionProperties) = preSolution
		HideSolutionNode = FALSE
	EndGlobalSection
	GlobalSection(ExtensibilityGlobals) = postSolution
		SolutionGuid = {DB658946-2613-426C-843F-18E3043BD364}
	EndGlobalSection
EndGlobal
